
Microsoft Visual Studio Solution File, Format Version 12.00
# Visual Studio Version 17
VisualStudioVersion = 17.14.36511.14 d17.14
MinimumVisualStudioVersion = 10.0.40219.1
Project("{FAE04EC0-301F-11D3-BF4B-00C04F79EFBC}") = "RepasPOO", "RepasPOO.csproj", "{D901FE83-9537-44B5-9B54-ACC1AF7D3E31}"
EndProject
Global
	GlobalSection(SolutionConfigurationPlatforms) = preSolution
		Debug|Any CPU = Debug|Any CPU
		Release|Any CPU = Release|Any CPU
	EndGlobalSection
	GlobalSection(ProjectConfigurationPlatforms) = postSolution
		{D901FE83-9537-44B5-9B54-ACC1AF7D3E31}.Debug|Any CPU.ActiveCfg = Debug|Any CPU
		{D901FE83-9537-44B5-9B54-ACC1AF7D3E31}.Debug|Any CPU.Build.0 = Debug|Any CPU
		{D901FE83-9537-44B5-9B54-ACC1AF7D3E31}.Release|Any CPU.ActiveCfg = Release|Any CPU
		{D901FE83-9537-44B5-9B54-ACC1AF7D3E31}.Release|Any CPU.Build.0 = Release|Any CPU
	EndGlobalSection
	GlobalSection(SolutionProperties) = preSolution
		HideSolutionNode = FALSE
	EndGlobalSection
	GlobalSection(ExtensibilityGlobals) = postSolution
		SolutionGuid = {098B6C61-FF51-4D4F-A018-187F48212491}
	EndGlobalSection
EndGlobal
