
Microsoft Visual Studio Solution File, Format Version 12.00
# Visual Studio Version 17
VisualStudioVersion = 17.14.36511.14 d17.14
MinimumVisualStudioVersion = 10.0.40219.1
Project("{FAE04EC0-301F-11D3-BF4B-00C04F79EFBC}") = "Repas2_Ex3_POO", "Repas2_Ex3_POO\Repas2_Ex3_POO.csproj", "{7E7DA0F6-842A-43B9-8711-F45A5329852F}"
EndProject
Global
	GlobalSection(SolutionConfigurationPlatforms) = preSolution
		Debug|Any CPU = Debug|Any CPU
		Release|Any CPU = Release|Any CPU
	EndGlobalSection
	GlobalSection(ProjectConfigurationPlatforms) = postSolution
		{7E7DA0F6-842A-43B9-8711-F45A5329852F}.Debug|Any CPU.ActiveCfg = Debug|Any CPU
		{7E7DA0F6-842A-43B9-8711-F45A5329852F}.Debug|Any CPU.Build.0 = Debug|Any CPU
		{7E7DA0F6-842A-43B9-8711-F45A5329852F}.Release|Any CPU.ActiveCfg = Release|Any CPU
		{7E7DA0F6-842A-43B9-8711-F45A5329852F}.Release|Any CPU.Build.0 = Release|Any CPU
	EndGlobalSection
	GlobalSection(SolutionProperties) = preSolution
		HideSolutionNode = FALSE
	EndGlobalSection
	GlobalSection(ExtensibilityGlobals) = postSolution
		SolutionGuid = {BADBC599-1D66-4DD8-B036-B0005331C1A5}
	EndGlobalSection
EndGlobal
